
Microsoft Visual Studio Solution File, Format Version 12.00
# Visual Studio 15
VisualStudioVersion = 15.0.27703.2000
MinimumVisualStudioVersion = 10.0.40219.1
Project("{FAE04EC0-301F-11D3-BF4B-00C04F79EFBC}") = "PhysicsRangeExtender", "PhysicsRangeExtender.csproj", "{08525C2E-78B0-4105-B56C-45F8936C6302}"
EndProject
Global
	GlobalSection(SolutionConfigurationPlatforms) = preSolution
		Debug|Any CPU = Debug|Any CPU
		Release|Any CPU = Release|Any CPU
	EndGlobalSection
	GlobalSection(ProjectConfigurationPlatforms) = postSolution
		{08525C2E-78B0-4105-B56C-45F8936C6302}.Debug|Any CPU.ActiveCfg = Debug|Any CPU
		{08525C2E-78B0-4105-B56C-45F8936C6302}.Debug|Any CPU.Build.0 = Debug|Any CPU
		{08525C2E-78B0-4105-B56C-45F8936C6302}.Release|Any CPU.ActiveCfg = Release|Any CPU
		{08525C2E-78B0-4105-B56C-45F8936C6302}.Release|Any CPU.Build.0 = Release|Any CPU
	EndGlobalSection
	GlobalSection(SolutionProperties) = preSolution
		HideSolutionNode = FALSE
	EndGlobalSection
	GlobalSection(ExtensibilityGlobals) = postSolution
		SolutionGuid = {E5AD86CF-BC04-4D47-A332-5CC5C512458B}
	EndGlobalSection
EndGlobal
